
Microsoft Visual Studio Solution File, Format Version 12.00
# Visual Studio Version 17
VisualStudioVersion = 17.5.33414.496
MinimumVisualStudioVersion = 10.0.40219.1
Project("{FAE04EC0-301F-11D3-BF4B-00C04F79EFBC}") = "Homework-Encopsulation", "Homework-Encopsulation\Homework-Encopsulation.csproj", "{F5A108BA-8D23-4B89-834F-FD2C14529566}"
EndProject
Global
	GlobalSection(SolutionConfigurationPlatforms) = preSolution
		Debug|Any CPU = Debug|Any CPU
		Release|Any CPU = Release|Any CPU
	EndGlobalSection
	GlobalSection(ProjectConfigurationPlatforms) = postSolution
		{F5A108BA-8D23-4B89-834F-FD2C14529566}.Debug|Any CPU.ActiveCfg = Debug|Any CPU
		{F5A108BA-8D23-4B89-834F-FD2C14529566}.Debug|Any CPU.Build.0 = Debug|Any CPU
		{F5A108BA-8D23-4B89-834F-FD2C14529566}.Release|Any CPU.ActiveCfg = Release|Any CPU
		{F5A108BA-8D23-4B89-834F-FD2C14529566}.Release|Any CPU.Build.0 = Release|Any CPU
	EndGlobalSection
	GlobalSection(SolutionProperties) = preSolution
		HideSolutionNode = FALSE
	EndGlobalSection
	GlobalSection(ExtensibilityGlobals) = postSolution
		SolutionGuid = {91A3D382-15B2-4C90-B735-8C527AD04504}
	EndGlobalSection
EndGlobal
